
Microsoft Visual Studio Solution File, Format Version 12.00
# Visual Studio Version 17
VisualStudioVersion = 17.3.32901.215
MinimumVisualStudioVersion = 10.0.40219.1
Project("{FAE04EC0-301F-11D3-BF4B-00C04F79EFBC}") = "Passport", "Passport\Passport.csproj", "{669847C3-1721-448B-BEA0-1B59C7F0E1CB}"
EndProject
Global
	GlobalSection(SolutionConfigurationPlatforms) = preSolution
		Debug|Any CPU = Debug|Any CPU
		Release|Any CPU = Release|Any CPU
	EndGlobalSection
	GlobalSection(ProjectConfigurationPlatforms) = postSolution
		{669847C3-1721-448B-BEA0-1B59C7F0E1CB}.Debug|Any CPU.ActiveCfg = Debug|Any CPU
		{669847C3-1721-448B-BEA0-1B59C7F0E1CB}.Debug|Any CPU.Build.0 = Debug|Any CPU
		{669847C3-1721-448B-BEA0-1B59C7F0E1CB}.Release|Any CPU.ActiveCfg = Release|Any CPU
		{669847C3-1721-448B-BEA0-1B59C7F0E1CB}.Release|Any CPU.Build.0 = Release|Any CPU
	EndGlobalSection
	GlobalSection(SolutionProperties) = preSolution
		HideSolutionNode = FALSE
	EndGlobalSection
	GlobalSection(ExtensibilityGlobals) = postSolution
		SolutionGuid = {AC4CD5DA-2EF0-4691-B6DF-553D3F9CBA19}
	EndGlobalSection
EndGlobal
